
Microsoft Visual Studio Solution File, Format Version 12.00
# Visual Studio Version 17
VisualStudioVersion = 17.9.34616.47
MinimumVisualStudioVersion = 10.0.40219.1
Project("{9A19103F-16F7-4668-BE54-9A1E7A4F7556}") = "bebe_agua_backend", "bebe_agua_backend_v2.0\bebe_agua_backend.csproj", "{CDCB9FF5-0955-4A44-9A5E-477F43E17B58}"
EndProject
Global
	GlobalSection(SolutionConfigurationPlatforms) = preSolution
		Debug|Any CPU = Debug|Any CPU
		Release|Any CPU = Release|Any CPU
	EndGlobalSection
	GlobalSection(ProjectConfigurationPlatforms) = postSolution
		{CDCB9FF5-0955-4A44-9A5E-477F43E17B58}.Debug|Any CPU.ActiveCfg = Debug|Any CPU
		{CDCB9FF5-0955-4A44-9A5E-477F43E17B58}.Debug|Any CPU.Build.0 = Debug|Any CPU
		{CDCB9FF5-0955-4A44-9A5E-477F43E17B58}.Release|Any CPU.ActiveCfg = Release|Any CPU
		{CDCB9FF5-0955-4A44-9A5E-477F43E17B58}.Release|Any CPU.Build.0 = Release|Any CPU
	EndGlobalSection
	GlobalSection(SolutionProperties) = preSolution
		HideSolutionNode = FALSE
	EndGlobalSection
	GlobalSection(ExtensibilityGlobals) = postSolution
		SolutionGuid = {3416930E-D632-4DB0-B463-3DF8C2C5CBD4}
	EndGlobalSection
EndGlobal
